
Microsoft Visual Studio Solution File, Format Version 12.00
# Visual Studio Version 17
VisualStudioVersion = 17.0.31903.59
MinimumVisualStudioVersion = 10.0.40219.1
Project("{2150E333-8FDC-42A3-9474-1A3956D46DE8}") = "src", "src", "{4B24E02D-B82B-4D8D-B716-0F9B5366FEE5}"
EndProject
Project("{FAE04EC0-301F-11D3-BF4B-00C04F79EFBC}") = "AuctionService", "src\AuctionService\AuctionService.csproj", "{295D16D0-7987-4BBC-BD58-1704EEB521EB}"
EndProject
Project("{FAE04EC0-301F-11D3-BF4B-00C04F79EFBC}") = "SearchService", "src\SearchService\SearchService.csproj", "{93662B44-109E-4682-BBB4-C3E9F01C60DF}"
EndProject
Global
	GlobalSection(SolutionConfigurationPlatforms) = preSolution
		Debug|Any CPU = Debug|Any CPU
		Release|Any CPU = Release|Any CPU
	EndGlobalSection
	GlobalSection(SolutionProperties) = preSolution
		HideSolutionNode = FALSE
	EndGlobalSection
	GlobalSection(ProjectConfigurationPlatforms) = postSolution
		{295D16D0-7987-4BBC-BD58-1704EEB521EB}.Debug|Any CPU.ActiveCfg = Debug|Any CPU
		{295D16D0-7987-4BBC-BD58-1704EEB521EB}.Debug|Any CPU.Build.0 = Debug|Any CPU
		{295D16D0-7987-4BBC-BD58-1704EEB521EB}.Release|Any CPU.ActiveCfg = Release|Any CPU
		{295D16D0-7987-4BBC-BD58-1704EEB521EB}.Release|Any CPU.Build.0 = Release|Any CPU
		{93662B44-109E-4682-BBB4-C3E9F01C60DF}.Debug|Any CPU.ActiveCfg = Debug|Any CPU
		{93662B44-109E-4682-BBB4-C3E9F01C60DF}.Debug|Any CPU.Build.0 = Debug|Any CPU
		{93662B44-109E-4682-BBB4-C3E9F01C60DF}.Release|Any CPU.ActiveCfg = Release|Any CPU
		{93662B44-109E-4682-BBB4-C3E9F01C60DF}.Release|Any CPU.Build.0 = Release|Any CPU
	EndGlobalSection
	GlobalSection(NestedProjects) = preSolution
		{295D16D0-7987-4BBC-BD58-1704EEB521EB} = {4B24E02D-B82B-4D8D-B716-0F9B5366FEE5}
		{93662B44-109E-4682-BBB4-C3E9F01C60DF} = {4B24E02D-B82B-4D8D-B716-0F9B5366FEE5}
	EndGlobalSection
EndGlobal
